// !$*UTF8*$!
{
	archiveVersion = 1;
	classes = {
	};
	objectVersion = 46;
	objects = {

/* Begin PBXBuildFile section */
		661871F71ABA0DFD00185828 /* CombinedFeedViewController.m in Sources */ = {isa = PBXBuildFile; fileRef = 661871F61ABA0DFD00185828 /* CombinedFeedViewController.m */; };
		661871FA1ABA117700185828 /* FeedBoxViewController.m in Sources */ = {isa = PBXBuildFile; fileRef = 661871F91ABA117700185828 /* FeedBoxViewController.m */; };
		661871FC1ABA1A3500185828 /* FeedbackPopover.xib in Resources */ = {isa = PBXBuildFile; fileRef = 661871FB1ABA1A3500185828 /* FeedbackPopover.xib */; };
		6618866D1B5E0C4E00CC65B7 /* einsteins.jpg in Resources */ = {isa = PBXBuildFile; fileRef = 6618866B1B5E0C4E00CC65B7 /* einsteins.jpg */; };
		6618866E1B5E0C4E00CC65B7 /* regattas.jpg in Resources */ = {isa = PBXBuildFile; fileRef = 6618866C1B5E0C4E00CC65B7 /* regattas.jpg */; };
		6637AB131AA4F3FB00156AD8 /* LocationCollection.m in Sources */ = {isa = PBXBuildFile; fileRef = 6637AB121AA4F3FB00156AD8 /* LocationCollection.m */; };
		6639D4111A75438B0087E5B9 /* MessageUI.framework in Frameworks */ = {isa = PBXBuildFile; fileRef = 6639D4101A75438B0087E5B9 /* MessageUI.framework */; };
		6639D4181A7550370087E5B9 /* Settings.bundle in Resources */ = {isa = PBXBuildFile; fileRef = 6639D4171A7550370087E5B9 /* Settings.bundle */; };
		66A4A0161AA4DB0F0080002D /* AppDelegate.m in Sources */ = {isa = PBXBuildFile; fileRef = 66A49FE21AA4DB0E0080002D /* AppDelegate.m */; };
		66A4A0171AA4DB0F0080002D /* LaunchScreen.xib in Resources */ = {isa = PBXBuildFile; fileRef = 66A49FE31AA4DB0E0080002D /* LaunchScreen.xib */; };
		66A4A0181AA4DB0F0080002D /* Main.storyboard in Resources */ = {isa = PBXBuildFile; fileRef = 66A49FE51AA4DB0E0080002D /* Main.storyboard */; };
		66A4A0191AA4DB0F0080002D /* BannerViewController.m in Sources */ = {isa = PBXBuildFile; fileRef = 66A49FE91AA4DB0E0080002D /* BannerViewController.m */; };
		66A4A01A1AA4DB0F0080002D /* FeedbackViewController.m in Sources */ = {isa = PBXBuildFile; fileRef = 66A49FEB1AA4DB0E0080002D /* FeedbackViewController.m */; };
		66A4A01B1AA4DB0F0080002D /* FeedViewController.m in Sources */ = {isa = PBXBuildFile; fileRef = 66A49FED1AA4DB0E0080002D /* FeedViewController.m */; };
		66A4A01C1AA4DB0F0080002D /* GraphViewController.m in Sources */ = {isa = PBXBuildFile; fileRef = 66A49FEF1AA4DB0E0080002D /* GraphViewController.m */; };
		66A4A01D1AA4DB0F0080002D /* LocationViewController.m in Sources */ = {isa = PBXBuildFile; fileRef = 66A49FF11AA4DB0E0080002D /* LocationViewController.m */; };
		66A4A01E1AA4DB0F0080002D /* MenuViewController.m in Sources */ = {isa = PBXBuildFile; fileRef = 66A49FF31AA4DB0E0080002D /* MenuViewController.m */; };
		66A4A01F1AA4DB0F0080002D /* TabsController.m in Sources */ = {isa = PBXBuildFile; fileRef = 66A49FF51AA4DB0E0080002D /* TabsController.m */; };
		66A4A0201AA4DB0F0080002D /* ViewController.m in Sources */ = {isa = PBXBuildFile; fileRef = 66A49FF71AA4DB0E0080002D /* ViewController.m */; };
		66A4A0211AA4DB0F0080002D /* Images.xcassets in Resources */ = {isa = PBXBuildFile; fileRef = 66A49FF81AA4DB0E0080002D /* Images.xcassets */; };
		66A4A0231AA4DB0F0080002D /* main.m in Sources */ = {isa = PBXBuildFile; fileRef = 66A49FFA1AA4DB0E0080002D /* main.m */; };
		66A4A0241AA4DB0F0080002D /* AlertItem.m in Sources */ = {isa = PBXBuildFile; fileRef = 66A49FFD1AA4DB0E0080002D /* AlertItem.m */; };
		66A4A0251AA4DB0F0080002D /* CoordinatePair.m in Sources */ = {isa = PBXBuildFile; fileRef = 66A49FFF1AA4DB0E0080002D /* CoordinatePair.m */; };
		66A4A0271AA4DB0F0080002D /* FeedItem.m in Sources */ = {isa = PBXBuildFile; fileRef = 66A4A0031AA4DB0E0080002D /* FeedItem.m */; };
		66A4A0281AA4DB0F0080002D /* InfoItem.m in Sources */ = {isa = PBXBuildFile; fileRef = 66A4A0051AA4DB0F0080002D /* InfoItem.m */; };
		66A4A0291AA4DB0F0080002D /* MenuItem.m in Sources */ = {isa = PBXBuildFile; fileRef = 66A4A0071AA4DB0F0080002D /* MenuItem.m */; };
		66A4A02B1AA4DB0F0080002D /* Reachability.m in Sources */ = {isa = PBXBuildFile; fileRef = 66A4A00C1AA4DB0F0080002D /* Reachability.m */; };
		66A4A02C1AA4DB0F0080002D /* BackendService.m in Sources */ = {isa = PBXBuildFile; fileRef = 66A4A00F1AA4DB0F0080002D /* BackendService.m */; };
		66A4A02D1AA4DB0F0080002D /* LocationService.m in Sources */ = {isa = PBXBuildFile; fileRef = 66A4A0111AA4DB0F0080002D /* LocationService.m */; };
		66A4A02E1AA4DB0F0080002D /* Locator.m in Sources */ = {isa = PBXBuildFile; fileRef = 66A4A0131AA4DB0F0080002D /* Locator.m */; };
		66A4A02F1AA4DB0F0080002D /* SettingsService.m in Sources */ = {isa = PBXBuildFile; fileRef = 66A4A0151AA4DB0F0080002D /* SettingsService.m */; };
		66A4A0741AA4DC350080002D /* commons_full.jpg in Resources */ = {isa = PBXBuildFile; fileRef = 66A4A05E1AA4DC350080002D /* commons_full.jpg */; };
		66A4A0751AA4DC350080002D /* einsteins_full.jpg in Resources */ = {isa = PBXBuildFile; fileRef = 66A4A05F1AA4DC350080002D /* einsteins_full.jpg */; };
		66A4A0761AA4DC350080002D /* ic_comment_black_48dp.png in Resources */ = {isa = PBXBuildFile; fileRef = 66A4A0601AA4DC350080002D /* ic_comment_black_48dp.png */; };
		66A4A0771AA4DC350080002D /* ic_comment_black_48dp@2x.png in Resources */ = {isa = PBXBuildFile; fileRef = 66A4A0611AA4DC350080002D /* ic_comment_black_48dp@2x.png */; };
		66A4A0781AA4DC350080002D /* ic_comment_black_48dp@3x.png in Resources */ = {isa = PBXBuildFile; fileRef = 66A4A0621AA4DC350080002D /* ic_comment_black_48dp@3x.png */; };
		66A4A0791AA4DC350080002D /* ic_launch.png in Resources */ = {isa = PBXBuildFile; fileRef = 66A4A0631AA4DC350080002D /* ic_launch.png */; };
		66A4A07A1AA4DC350080002D /* ic_list_black_48dp.png in Resources */ = {isa = PBXBuildFile; fileRef = 66A4A0641AA4DC350080002D /* ic_list_black_48dp.png */; };
		66A4A07B1AA4DC350080002D /* ic_list_black_48dp@2x.png in Resources */ = {isa = PBXBuildFile; fileRef = 66A4A0651AA4DC350080002D /* ic_list_black_48dp@2x.png */; };
		66A4A07C1AA4DC350080002D /* ic_list_black_48dp@3x.png in Resources */ = {isa = PBXBuildFile; fileRef = 66A4A0661AA4DC350080002D /* ic_list_black_48dp@3x.png */; };
		66A4A07D1AA4DC350080002D /* ic_poll_black_48dp.png in Resources */ = {isa = PBXBuildFile; fileRef = 66A4A0671AA4DC350080002D /* ic_poll_black_48dp.png */; };
		66A4A07E1AA4DC350080002D /* ic_poll_black_48dp@2x.png in Resources */ = {isa = PBXBuildFile; fileRef = 66A4A0681AA4DC350080002D /* ic_poll_black_48dp@2x.png */; };
		66A4A07F1AA4DC350080002D /* ic_poll_black_48dp@3x.png in Resources */ = {isa = PBXBuildFile; fileRef = 66A4A0691AA4DC350080002D /* ic_poll_black_48dp@3x.png */; };
		66A4A0801AA4DC350080002D /* ic_schedule_black_48dp.png in Resources */ = {isa = PBXBuildFile; fileRef = 66A4A06A1AA4DC350080002D /* ic_schedule_black_48dp.png */; };
		66A4A0811AA4DC350080002D /* ic_schedule_black_48dp@2x.png in Resources */ = {isa = PBXBuildFile; fileRef = 66A4A06B1AA4DC350080002D /* ic_schedule_black_48dp@2x.png */; };
		66A4A0821AA4DC350080002D /* ic_schedule_black_48dp@3x.png in Resources */ = {isa = PBXBuildFile; fileRef = 66A4A06C1AA4DC350080002D /* ic_schedule_black_48dp@3x.png */; };
		66A4A0831AA4DC350080002D /* ic_trending_up_black_48dp.png in Resources */ = {isa = PBXBuildFile; fileRef = 66A4A06D1AA4DC350080002D /* ic_trending_up_black_48dp.png */; };
		66A4A0841AA4DC350080002D /* ic_trending_up_black_48dp@2x.png in Resources */ = {isa = PBXBuildFile; fileRef = 66A4A06E1AA4DC350080002D /* ic_trending_up_black_48dp@2x.png */; };
		66A4A0851AA4DC350080002D /* ic_trending_up_black_48dp@3x.png in Resources */ = {isa = PBXBuildFile; fileRef = 66A4A06F1AA4DC350080002D /* ic_trending_up_black_48dp@3x.png */; };
		66A4A0861AA4DC350080002D /* location-marker.png in Resources */ = {isa = PBXBuildFile; fileRef = 66A4A0701AA4DC350080002D /* location-marker.png */; };
		66A4A0871AA4DC350080002D /* location-marker@2x.png in Resources */ = {isa = PBXBuildFile; fileRef = 66A4A0711AA4DC350080002D /* location-marker@2x.png */; };
		66A4A0881AA4DC350080002D /* location-marker@3x.png in Resources */ = {isa = PBXBuildFile; fileRef = 66A4A0721AA4DC350080002D /* location-marker@3x.png */; };
		66A4A0891AA4DC350080002D /* regattas_full.jpg in Resources */ = {isa = PBXBuildFile; fileRef = 66A4A0731AA4DC350080002D /* regattas_full.jpg */; };
		66A4A09F1AA4E9B60080002D /* API.m in Sources */ = {isa = PBXBuildFile; fileRef = 66A4A09E1AA4E9B60080002D /* API.m */; };
		66A4A0A51AA4EB880080002D /* LocationItem.m in Sources */ = {isa = PBXBuildFile; fileRef = 66A4A0A41AA4EB880080002D /* LocationItem.m */; };
		66A4A0A81AA4EC610080002D /* UpdateItem.m in Sources */ = {isa = PBXBuildFile; fileRef = 66A4A0A71AA4EC610080002D /* UpdateItem.m */; };
		66A4A0AB1AA4EC6B0080002D /* FeedbackItem.m in Sources */ = {isa = PBXBuildFile; fileRef = 66A4A0AA1AA4EC6B0080002D /* FeedbackItem.m */; };
		66C793C919DE162A007AC4BC /* CoreLocation.framework in Frameworks */ = {isa = PBXBuildFile; fileRef = 66C793C819DE162A007AC4BC /* CoreLocation.framework */; settings = {ATTRIBUTES = (Required, ); }; };
		A9D9E9458170765F4794D12E /* libPods-DiningBuddy.a in Frameworks */ = {isa = PBXBuildFile; fileRef = 6E1E584D4A7E8ECEB6556E1E /* libPods-DiningBuddy.a */; };
/* End PBXBuildFile section */

/* Begin PBXContainerItemProxy section */
		66AB534319C5104D00F4877A /* PBXContainerItemProxy */ = {
			isa = PBXContainerItemProxy;
			containerPortal = 66AB531E19C5104D00F4877A /* Project object */;
			proxyType = 1;
			remoteGlobalIDString = 66AB532519C5104D00F4877A;
			remoteInfo = CNU;
		};
/* End PBXContainerItemProxy section */

/* Begin PBXFileReference section */
		1E21FF89B20747CBFF35A990 /* Pods.debug.xcconfig */ = {isa = PBXFileReference; includeInIndex = 1; lastKnownFileType = text.xcconfig; name = Pods.debug.xcconfig; path = "Pods/Target Support Files/Pods/Pods.debug.xcconfig"; sourceTree = "<group>"; };
		661871F51ABA0DFD00185828 /* CombinedFeedViewController.h */ = {isa = PBXFileReference; fileEncoding = 4; lastKnownFileType = sourcecode.c.h; path = CombinedFeedViewController.h; sourceTree = "<group>"; };
		661871F61ABA0DFD00185828 /* CombinedFeedViewController.m */ = {isa = PBXFileReference; fileEncoding = 4; lastKnownFileType = sourcecode.c.objc; path = CombinedFeedViewController.m; sourceTree = "<group>"; };
		661871F81ABA117700185828 /* FeedBoxViewController.h */ = {isa = PBXFileReference; fileEncoding = 4; lastKnownFileType = sourcecode.c.h; path = FeedBoxViewController.h; sourceTree = "<group>"; };
		661871F91ABA117700185828 /* FeedBoxViewController.m */ = {isa = PBXFileReference; fileEncoding = 4; lastKnownFileType = sourcecode.c.objc; path = FeedBoxViewController.m; sourceTree = "<group>"; };
		661871FB1ABA1A3500185828 /* FeedbackPopover.xib */ = {isa = PBXFileReference; fileEncoding = 4; lastKnownFileType = file.xib; path = FeedbackPopover.xib; sourceTree = "<group>"; };
		6618866B1B5E0C4E00CC65B7 /* einsteins.jpg */ = {isa = PBXFileReference; lastKnownFileType = image.jpeg; path = einsteins.jpg; sourceTree = "<group>"; };
		6618866C1B5E0C4E00CC65B7 /* regattas.jpg */ = {isa = PBXFileReference; lastKnownFileType = image.jpeg; path = regattas.jpg; sourceTree = "<group>"; };
		6637AB111AA4F3FB00156AD8 /* LocationCollection.h */ = {isa = PBXFileReference; fileEncoding = 4; lastKnownFileType = sourcecode.c.h; path = LocationCollection.h; sourceTree = "<group>"; };
		6637AB121AA4F3FB00156AD8 /* LocationCollection.m */ = {isa = PBXFileReference; fileEncoding = 4; lastKnownFileType = sourcecode.c.objc; path = LocationCollection.m; sourceTree = "<group>"; };
		6639D4101A75438B0087E5B9 /* MessageUI.framework */ = {isa = PBXFileReference; lastKnownFileType = wrapper.framework; name = MessageUI.framework; path = System/Library/Frameworks/MessageUI.framework; sourceTree = SDKROOT; };
		6639D4171A7550370087E5B9 /* Settings.bundle */ = {isa = PBXFileReference; lastKnownFileType = "wrapper.plug-in"; path = Settings.bundle; sourceTree = "<group>"; };
		66A49FE11AA4DB0E0080002D /* AppDelegate.h */ = {isa = PBXFileReference; fileEncoding = 4; lastKnownFileType = sourcecode.c.h; path = AppDelegate.h; sourceTree = "<group>"; };
		66A49FE21AA4DB0E0080002D /* AppDelegate.m */ = {isa = PBXFileReference; fileEncoding = 4; lastKnownFileType = sourcecode.c.objc; path = AppDelegate.m; sourceTree = "<group>"; };
		66A49FE41AA4DB0E0080002D /* Base */ = {isa = PBXFileReference; lastKnownFileType = file.xib; name = Base; path = Base.lproj/LaunchScreen.xib; sourceTree = "<group>"; };
		66A49FE61AA4DB0E0080002D /* Base */ = {isa = PBXFileReference; lastKnownFileType = file.storyboard; name = Base; path = Base.lproj/Main.storyboard; sourceTree = "<group>"; };
		66A49FE81AA4DB0E0080002D /* BannerViewController.h */ = {isa = PBXFileReference; fileEncoding = 4; lastKnownFileType = sourcecode.c.h; path = BannerViewController.h; sourceTree = "<group>"; };
		66A49FE91AA4DB0E0080002D /* BannerViewController.m */ = {isa = PBXFileReference; fileEncoding = 4; lastKnownFileType = sourcecode.c.objc; path = BannerViewController.m; sourceTree = "<group>"; };
		66A49FEA1AA4DB0E0080002D /* FeedbackViewController.h */ = {isa = PBXFileReference; fileEncoding = 4; lastKnownFileType = sourcecode.c.h; path = FeedbackViewController.h; sourceTree = "<group>"; };
		66A49FEB1AA4DB0E0080002D /* FeedbackViewController.m */ = {isa = PBXFileReference; fileEncoding = 4; lastKnownFileType = sourcecode.c.objc; path = FeedbackViewController.m; sourceTree = "<group>"; };
		66A49FEC1AA4DB0E0080002D /* FeedViewController.h */ = {isa = PBXFileReference; fileEncoding = 4; lastKnownFileType = sourcecode.c.h; path = FeedViewController.h; sourceTree = "<group>"; };
		66A49FED1AA4DB0E0080002D /* FeedViewController.m */ = {isa = PBXFileReference; fileEncoding = 4; lastKnownFileType = sourcecode.c.objc; path = FeedViewController.m; sourceTree = "<group>"; };
		66A49FEE1AA4DB0E0080002D /* GraphViewController.h */ = {isa = PBXFileReference; fileEncoding = 4; lastKnownFileType = sourcecode.c.h; path = GraphViewController.h; sourceTree = "<group>"; };
		66A49FEF1AA4DB0E0080002D /* GraphViewController.m */ = {isa = PBXFileReference; fileEncoding = 4; lastKnownFileType = sourcecode.c.objc; path = GraphViewController.m; sourceTree = "<group>"; };
		66A49FF01AA4DB0E0080002D /* LocationViewController.h */ = {isa = PBXFileReference; fileEncoding = 4; lastKnownFileType = sourcecode.c.h; path = LocationViewController.h; sourceTree = "<group>"; };
		66A49FF11AA4DB0E0080002D /* LocationViewController.m */ = {isa = PBXFileReference; fileEncoding = 4; lastKnownFileType = sourcecode.c.objc; path = LocationViewController.m; sourceTree = "<group>"; };
		66A49FF21AA4DB0E0080002D /* MenuViewController.h */ = {isa = PBXFileReference; fileEncoding = 4; lastKnownFileType = sourcecode.c.h; path = MenuViewController.h; sourceTree = "<group>"; };
		66A49FF31AA4DB0E0080002D /* MenuViewController.m */ = {isa = PBXFileReference; fileEncoding = 4; lastKnownFileType = sourcecode.c.objc; path = MenuViewController.m; sourceTree = "<group>"; };
		66A49FF41AA4DB0E0080002D /* TabsController.h */ = {isa = PBXFileReference; fileEncoding = 4; lastKnownFileType = sourcecode.c.h; path = TabsController.h; sourceTree = "<group>"; };
		66A49FF51AA4DB0E0080002D /* TabsController.m */ = {isa = PBXFileReference; fileEncoding = 4; lastKnownFileType = sourcecode.c.objc; path = TabsController.m; sourceTree = "<group>"; };
		66A49FF61AA4DB0E0080002D /* ViewController.h */ = {isa = PBXFileReference; fileEncoding = 4; lastKnownFileType = sourcecode.c.h; path = ViewController.h; sourceTree = "<group>"; };
		66A49FF71AA4DB0E0080002D /* ViewController.m */ = {isa = PBXFileReference; fileEncoding = 4; lastKnownFileType = sourcecode.c.objc; path = ViewController.m; sourceTree = "<group>"; };
		66A49FF81AA4DB0E0080002D /* Images.xcassets */ = {isa = PBXFileReference; lastKnownFileType = folder.assetcatalog; path = Images.xcassets; sourceTree = "<group>"; };
		66A49FFA1AA4DB0E0080002D /* main.m */ = {isa = PBXFileReference; fileEncoding = 4; lastKnownFileType = sourcecode.c.objc; path = main.m; sourceTree = "<group>"; };
		66A49FFC1AA4DB0E0080002D /* AlertItem.h */ = {isa = PBXFileReference; fileEncoding = 4; lastKnownFileType = sourcecode.c.h; path = AlertItem.h; sourceTree = "<group>"; };
		66A49FFD1AA4DB0E0080002D /* AlertItem.m */ = {isa = PBXFileReference; fileEncoding = 4; lastKnownFileType = sourcecode.c.objc; path = AlertItem.m; sourceTree = "<group>"; };
		66A49FFE1AA4DB0E0080002D /* CoordinatePair.h */ = {isa = PBXFileReference; fileEncoding = 4; lastKnownFileType = sourcecode.c.h; path = CoordinatePair.h; sourceTree = "<group>"; };
		66A49FFF1AA4DB0E0080002D /* CoordinatePair.m */ = {isa = PBXFileReference; fileEncoding = 4; lastKnownFileType = sourcecode.c.objc; path = CoordinatePair.m; sourceTree = "<group>"; };
		66A4A0021AA4DB0E0080002D /* FeedItem.h */ = {isa = PBXFileReference; fileEncoding = 4; lastKnownFileType = sourcecode.c.h; path = FeedItem.h; sourceTree = "<group>"; };
		66A4A0031AA4DB0E0080002D /* FeedItem.m */ = {isa = PBXFileReference; fileEncoding = 4; lastKnownFileType = sourcecode.c.objc; path = FeedItem.m; sourceTree = "<group>"; };
		66A4A0041AA4DB0F0080002D /* InfoItem.h */ = {isa = PBXFileReference; fileEncoding = 4; lastKnownFileType = sourcecode.c.h; path = InfoItem.h; sourceTree = "<group>"; };
		66A4A0051AA4DB0F0080002D /* InfoItem.m */ = {isa = PBXFileReference; fileEncoding = 4; lastKnownFileType = sourcecode.c.objc; path = InfoItem.m; sourceTree = "<group>"; };
		66A4A0061AA4DB0F0080002D /* MenuItem.h */ = {isa = PBXFileReference; fileEncoding = 4; lastKnownFileType = sourcecode.c.h; path = MenuItem.h; sourceTree = "<group>"; };
		66A4A0071AA4DB0F0080002D /* MenuItem.m */ = {isa = PBXFileReference; fileEncoding = 4; lastKnownFileType = sourcecode.c.objc; path = MenuItem.m; sourceTree = "<group>"; };
		66A4A00B1AA4DB0F0080002D /* Reachability.h */ = {isa = PBXFileReference; fileEncoding = 4; lastKnownFileType = sourcecode.c.h; path = Reachability.h; sourceTree = "<group>"; };
		66A4A00C1AA4DB0F0080002D /* Reachability.m */ = {isa = PBXFileReference; fileEncoding = 4; lastKnownFileType = sourcecode.c.objc; path = Reachability.m; sourceTree = "<group>"; };
		66A4A00E1AA4DB0F0080002D /* BackendService.h */ = {isa = PBXFileReference; fileEncoding = 4; lastKnownFileType = sourcecode.c.h; path = BackendService.h; sourceTree = "<group>"; };
		66A4A00F1AA4DB0F0080002D /* BackendService.m */ = {isa = PBXFileReference; fileEncoding = 4; lastKnownFileType = sourcecode.c.objc; path = BackendService.m; sourceTree = "<group>"; };
		66A4A0101AA4DB0F0080002D /* LocationService.h */ = {isa = PBXFileReference; fileEncoding = 4; lastKnownFileType = sourcecode.c.h; path = LocationService.h; sourceTree = "<group>"; };
		66A4A0111AA4DB0F0080002D /* LocationService.m */ = {isa = PBXFileReference; fileEncoding = 4; lastKnownFileType = sourcecode.c.objc; path = LocationService.m; sourceTree = "<group>"; };
		66A4A0121AA4DB0F0080002D /* Locator.h */ = {isa = PBXFileReference; fileEncoding = 4; lastKnownFileType = sourcecode.c.h; path = Locator.h; sourceTree = "<group>"; };
		66A4A0131AA4DB0F0080002D /* Locator.m */ = {isa = PBXFileReference; fileEncoding = 4; lastKnownFileType = sourcecode.c.objc; path = Locator.m; sourceTree = "<group>"; };
		66A4A0141AA4DB0F0080002D /* SettingsService.h */ = {isa = PBXFileReference; fileEncoding = 4; lastKnownFileType = sourcecode.c.h; path = SettingsService.h; sourceTree = "<group>"; };
		66A4A0151AA4DB0F0080002D /* SettingsService.m */ = {isa = PBXFileReference; fileEncoding = 4; lastKnownFileType = sourcecode.c.objc; path = SettingsService.m; sourceTree = "<group>"; };
		66A4A05E1AA4DC350080002D /* commons_full.jpg */ = {isa = PBXFileReference; lastKnownFileType = image.jpeg; path = commons_full.jpg; sourceTree = "<group>"; };
		66A4A05F1AA4DC350080002D /* einsteins_full.jpg */ = {isa = PBXFileReference; lastKnownFileType = image.jpeg; path = einsteins_full.jpg; sourceTree = "<group>"; };
		66A4A0601AA4DC350080002D /* ic_comment_black_48dp.png */ = {isa = PBXFileReference; lastKnownFileType = image.png; path = ic_comment_black_48dp.png; sourceTree = "<group>"; };
		66A4A0611AA4DC350080002D /* ic_comment_black_48dp@2x.png */ = {isa = PBXFileReference; lastKnownFileType = image.png; path = "ic_comment_black_48dp@2x.png"; sourceTree = "<group>"; };
		66A4A0621AA4DC350080002D /* ic_comment_black_48dp@3x.png */ = {isa = PBXFileReference; lastKnownFileType = image.png; path = "ic_comment_black_48dp@3x.png"; sourceTree = "<group>"; };
		66A4A0631AA4DC350080002D /* ic_launch.png */ = {isa = PBXFileReference; lastKnownFileType = image.png; path = ic_launch.png; sourceTree = "<group>"; };
		66A4A0641AA4DC350080002D /* ic_list_black_48dp.png */ = {isa = PBXFileReference; lastKnownFileType = image.png; path = ic_list_black_48dp.png; sourceTree = "<group>"; };
		66A4A0651AA4DC350080002D /* ic_list_black_48dp@2x.png */ = {isa = PBXFileReference; lastKnownFileType = image.png; path = "ic_list_black_48dp@2x.png"; sourceTree = "<group>"; };
		66A4A0661AA4DC350080002D /* ic_list_black_48dp@3x.png */ = {isa = PBXFileReference; lastKnownFileType = image.png; path = "ic_list_black_48dp@3x.png"; sourceTree = "<group>"; };
		66A4A0671AA4DC350080002D /* ic_poll_black_48dp.png */ = {isa = PBXFileReference; lastKnownFileType = image.png; path = ic_poll_black_48dp.png; sourceTree = "<group>"; };
		66A4A0681AA4DC350080002D /* ic_poll_black_48dp@2x.png */ = {isa = PBXFileReference; lastKnownFileType = image.png; path = "ic_poll_black_48dp@2x.png"; sourceTree = "<group>"; };
		66A4A0691AA4DC350080002D /* ic_poll_black_48dp@3x.png */ = {isa = PBXFileReference; lastKnownFileType = image.png; path = "ic_poll_black_48dp@3x.png"; sourceTree = "<group>"; };
		66A4A06A1AA4DC350080002D /* ic_schedule_black_48dp.png */ = {isa = PBXFileReference; lastKnownFileType = image.png; path = ic_schedule_black_48dp.png; sourceTree = "<group>"; };
		66A4A06B1AA4DC350080002D /* ic_schedule_black_48dp@2x.png */ = {isa = PBXFileReference; lastKnownFileType = image.png; path = "ic_schedule_black_48dp@2x.png"; sourceTree = "<group>"; };
		66A4A06C1AA4DC350080002D /* ic_schedule_black_48dp@3x.png */ = {isa = PBXFileReference; lastKnownFileType = image.png; path = "ic_schedule_black_48dp@3x.png"; sourceTree = "<group>"; };
		66A4A06D1AA4DC350080002D /* ic_trending_up_black_48dp.png */ = {isa = PBXFileReference; lastKnownFileType = image.png; path = ic_trending_up_black_48dp.png; sourceTree = "<group>"; };
		66A4A06E1AA4DC350080002D /* ic_trending_up_black_48dp@2x.png */ = {isa = PBXFileReference; lastKnownFileType = image.png; path = "ic_trending_up_black_48dp@2x.png"; sourceTree = "<group>"; };
		66A4A06F1AA4DC350080002D /* ic_trending_up_black_48dp@3x.png */ = {isa = PBXFileReference; lastKnownFileType = image.png; path = "ic_trending_up_black_48dp@3x.png"; sourceTree = "<group>"; };
		66A4A0701AA4DC350080002D /* location-marker.png */ = {isa = PBXFileReference; lastKnownFileType = image.png; path = "location-marker.png"; sourceTree = "<group>"; };
		66A4A0711AA4DC350080002D /* location-marker@2x.png */ = {isa = PBXFileReference; lastKnownFileType = image.png; path = "location-marker@2x.png"; sourceTree = "<group>"; };
		66A4A0721AA4DC350080002D /* location-marker@3x.png */ = {isa = PBXFileReference; lastKnownFileType = image.png; path = "location-marker@3x.png"; sourceTree = "<group>"; };
		66A4A0731AA4DC350080002D /* regattas_full.jpg */ = {isa = PBXFileReference; lastKnownFileType = image.jpeg; path = regattas_full.jpg; sourceTree = "<group>"; };
		66A4A09B1AA4E68A0080002D /* Info.plist */ = {isa = PBXFileReference; fileEncoding = 4; lastKnownFileType = text.plist.xml; path = Info.plist; sourceTree = "<group>"; };
		66A4A09D1AA4E9B60080002D /* API.h */ = {isa = PBXFileReference; fileEncoding = 4; lastKnownFileType = sourcecode.c.h; path = API.h; sourceTree = "<group>"; };
		66A4A09E1AA4E9B60080002D /* API.m */ = {isa = PBXFileReference; fileEncoding = 4; lastKnownFileType = sourcecode.c.objc; path = API.m; sourceTree = "<group>"; };
		66A4A0A31AA4EB880080002D /* LocationItem.h */ = {isa = PBXFileReference; fileEncoding = 4; lastKnownFileType = sourcecode.c.h; path = LocationItem.h; sourceTree = "<group>"; };
		66A4A0A41AA4EB880080002D /* LocationItem.m */ = {isa = PBXFileReference; fileEncoding = 4; lastKnownFileType = sourcecode.c.objc; path = LocationItem.m; sourceTree = "<group>"; };
		66A4A0A61AA4EC610080002D /* UpdateItem.h */ = {isa = PBXFileReference; fileEncoding = 4; lastKnownFileType = sourcecode.c.h; path = UpdateItem.h; sourceTree = "<group>"; };
		66A4A0A71AA4EC610080002D /* UpdateItem.m */ = {isa = PBXFileReference; fileEncoding = 4; lastKnownFileType = sourcecode.c.objc; path = UpdateItem.m; sourceTree = "<group>"; };
		66A4A0A91AA4EC6B0080002D /* FeedbackItem.h */ = {isa = PBXFileReference; fileEncoding = 4; lastKnownFileType = sourcecode.c.h; path = FeedbackItem.h; sourceTree = "<group>"; };
		66A4A0AA1AA4EC6B0080002D /* FeedbackItem.m */ = {isa = PBXFileReference; fileEncoding = 4; lastKnownFileType = sourcecode.c.objc; path = FeedbackItem.m; sourceTree = "<group>"; };
		66AB532619C5104D00F4877A /* DiningBuddy.app */ = {isa = PBXFileReference; explicitFileType = wrapper.application; includeInIndex = 0; path = DiningBuddy.app; sourceTree = BUILT_PRODUCTS_DIR; };
		66AB534219C5104D00F4877A /* DiningBuddyTests.xctest */ = {isa = PBXFileReference; explicitFileType = wrapper.cfbundle; includeInIndex = 0; path = DiningBuddyTests.xctest; sourceTree = BUILT_PRODUCTS_DIR; };
		66C793C819DE162A007AC4BC /* CoreLocation.framework */ = {isa = PBXFileReference; lastKnownFileType = wrapper.framework; name = CoreLocation.framework; path = System/Library/Frameworks/CoreLocation.framework; sourceTree = SDKROOT; };
		6E1E584D4A7E8ECEB6556E1E /* libPods-DiningBuddy.a */ = {isa = PBXFileReference; explicitFileType = archive.ar; includeInIndex = 0; path = "libPods-DiningBuddy.a"; sourceTree = BUILT_PRODUCTS_DIR; };
		8079B7616C6BB681EEA7F6E1 /* Pods.release.xcconfig */ = {isa = PBXFileReference; includeInIndex = 1; lastKnownFileType = text.xcconfig; name = Pods.release.xcconfig; path = "Pods/Target Support Files/Pods/Pods.release.xcconfig"; sourceTree = "<group>"; };
		887D3D840A96B21CD3FDDA2C /* Pods-DiningBuddy.release.xcconfig */ = {isa = PBXFileReference; includeInIndex = 1; lastKnownFileType = text.xcconfig; name = "Pods-DiningBuddy.release.xcconfig"; path = "Pods/Target Support Files/Pods-DiningBuddy/Pods-DiningBuddy.release.xcconfig"; sourceTree = "<group>"; };
		A90CB3865C9BD06EF860F560 /* Pods-DiningBuddy.debug.xcconfig */ = {isa = PBXFileReference; includeInIndex = 1; lastKnownFileType = text.xcconfig; name = "Pods-DiningBuddy.debug.xcconfig"; path = "Pods/Target Support Files/Pods-DiningBuddy/Pods-DiningBuddy.debug.xcconfig"; sourceTree = "<group>"; };
		BD89D52138F440E044EF2831 /* libPods.a */ = {isa = PBXFileReference; explicitFileType = archive.ar; includeInIndex = 0; path = libPods.a; sourceTree = BUILT_PRODUCTS_DIR; };
/* End PBXFileReference section */

/* Begin PBXFrameworksBuildPhase section */
		66AB532319C5104D00F4877A /* Frameworks */ = {
			isa = PBXFrameworksBuildPhase;
			buildActionMask = 2147483647;
			files = (
				6639D4111A75438B0087E5B9 /* MessageUI.framework in Frameworks */,
				66C793C919DE162A007AC4BC /* CoreLocation.framework in Frameworks */,
				A9D9E9458170765F4794D12E /* libPods-DiningBuddy.a in Frameworks */,
			);
			runOnlyForDeploymentPostprocessing = 0;
		};
		66AB533F19C5104D00F4877A /* Frameworks */ = {
			isa = PBXFrameworksBuildPhase;
			buildActionMask = 2147483647;
			files = (
			);
			runOnlyForDeploymentPostprocessing = 0;
		};
/* End PBXFrameworksBuildPhase section */

/* Begin PBXGroup section */
		66A49FDF1AA4DB0E0080002D /* Classes */ = {
			isa = PBXGroup;
			children = (
				66A4A00D1AA4DB0F0080002D /* Service */,
				66A4A0081AA4DB0F0080002D /* Network */,
				66A49FE71AA4DB0E0080002D /* Controller */,
				66A49FFB1AA4DB0E0080002D /* Modal */,
				66A49FE01AA4DB0E0080002D /* AppDelegate */,
				66A49FE31AA4DB0E0080002D /* LaunchScreen.xib */,
				66A49FE51AA4DB0E0080002D /* Main.storyboard */,
				66A49FF81AA4DB0E0080002D /* Images.xcassets */,
				66A49FFA1AA4DB0E0080002D /* main.m */,
			);
			path = Classes;
			sourceTree = "<group>";
		};
		66A49FE01AA4DB0E0080002D /* AppDelegate */ = {
			isa = PBXGroup;
			children = (
				66A49FE11AA4DB0E0080002D /* AppDelegate.h */,
				66A49FE21AA4DB0E0080002D /* AppDelegate.m */,
			);
			path = AppDelegate;
			sourceTree = "<group>";
		};
		66A49FE71AA4DB0E0080002D /* Controller */ = {
			isa = PBXGroup;
			children = (
				66A49FE81AA4DB0E0080002D /* BannerViewController.h */,
				66A49FE91AA4DB0E0080002D /* BannerViewController.m */,
				66A49FEA1AA4DB0E0080002D /* FeedbackViewController.h */,
				66A49FEB1AA4DB0E0080002D /* FeedbackViewController.m */,
				66A49FEC1AA4DB0E0080002D /* FeedViewController.h */,
				66A49FED1AA4DB0E0080002D /* FeedViewController.m */,
				66A49FEE1AA4DB0E0080002D /* GraphViewController.h */,
				66A49FEF1AA4DB0E0080002D /* GraphViewController.m */,
				66A49FF01AA4DB0E0080002D /* LocationViewController.h */,
				66A49FF11AA4DB0E0080002D /* LocationViewController.m */,
				66A49FF21AA4DB0E0080002D /* MenuViewController.h */,
				66A49FF31AA4DB0E0080002D /* MenuViewController.m */,
				66A49FF41AA4DB0E0080002D /* TabsController.h */,
				66A49FF51AA4DB0E0080002D /* TabsController.m */,
				66A49FF61AA4DB0E0080002D /* ViewController.h */,
				66A49FF71AA4DB0E0080002D /* ViewController.m */,
				661871F51ABA0DFD00185828 /* CombinedFeedViewController.h */,
				661871F61ABA0DFD00185828 /* CombinedFeedViewController.m */,
				661871F81ABA117700185828 /* FeedBoxViewController.h */,
				661871F91ABA117700185828 /* FeedBoxViewController.m */,
			);
			path = Controller;
			sourceTree = "<group>";
		};
		66A49FFB1AA4DB0E0080002D /* Modal */ = {
			isa = PBXGroup;
			children = (
				66A4A0A31AA4EB880080002D /* LocationItem.h */,
				66A4A0A41AA4EB880080002D /* LocationItem.m */,
				66A49FFC1AA4DB0E0080002D /* AlertItem.h */,
				66A49FFD1AA4DB0E0080002D /* AlertItem.m */,
				66A49FFE1AA4DB0E0080002D /* CoordinatePair.h */,
				66A49FFF1AA4DB0E0080002D /* CoordinatePair.m */,
				66A4A0021AA4DB0E0080002D /* FeedItem.h */,
				66A4A0031AA4DB0E0080002D /* FeedItem.m */,
				66A4A0041AA4DB0F0080002D /* InfoItem.h */,
				66A4A0051AA4DB0F0080002D /* InfoItem.m */,
				66A4A0061AA4DB0F0080002D /* MenuItem.h */,
				66A4A0071AA4DB0F0080002D /* MenuItem.m */,
				66A4A0A61AA4EC610080002D /* UpdateItem.h */,
				66A4A0A71AA4EC610080002D /* UpdateItem.m */,
				66A4A0A91AA4EC6B0080002D /* FeedbackItem.h */,
				66A4A0AA1AA4EC6B0080002D /* FeedbackItem.m */,
				6637AB111AA4F3FB00156AD8 /* LocationCollection.h */,
				6637AB121AA4F3FB00156AD8 /* LocationCollection.m */,
			);
			path = Modal;
			sourceTree = "<group>";
		};
		66A4A0081AA4DB0F0080002D /* Network */ = {
			isa = PBXGroup;
			children = (
				66A4A00B1AA4DB0F0080002D /* Reachability.h */,
				66A4A00C1AA4DB0F0080002D /* Reachability.m */,
				66A4A09D1AA4E9B60080002D /* API.h */,
				66A4A09E1AA4E9B60080002D /* API.m */,
			);
			path = Network;
			sourceTree = "<group>";
		};
		66A4A00D1AA4DB0F0080002D /* Service */ = {
			isa = PBXGroup;
			children = (
				66A4A00E1AA4DB0F0080002D /* BackendService.h */,
				66A4A00F1AA4DB0F0080002D /* BackendService.m */,
				66A4A0101AA4DB0F0080002D /* LocationService.h */,
				66A4A0111AA4DB0F0080002D /* LocationService.m */,
				66A4A0121AA4DB0F0080002D /* Locator.h */,
				66A4A0131AA4DB0F0080002D /* Locator.m */,
				66A4A0141AA4DB0F0080002D /* SettingsService.h */,
				66A4A0151AA4DB0F0080002D /* SettingsService.m */,
			);
			path = Service;
			sourceTree = "<group>";
		};
		66A4A05D1AA4DC350080002D /* Images */ = {
			isa = PBXGroup;
			children = (
				6618866B1B5E0C4E00CC65B7 /* einsteins.jpg */,
				6618866C1B5E0C4E00CC65B7 /* regattas.jpg */,
				66A4A05E1AA4DC350080002D /* commons_full.jpg */,
				66A4A05F1AA4DC350080002D /* einsteins_full.jpg */,
				66A4A0601AA4DC350080002D /* ic_comment_black_48dp.png */,
				66A4A0611AA4DC350080002D /* ic_comment_black_48dp@2x.png */,
				66A4A0621AA4DC350080002D /* ic_comment_black_48dp@3x.png */,
				66A4A0631AA4DC350080002D /* ic_launch.png */,
				66A4A0641AA4DC350080002D /* ic_list_black_48dp.png */,
				66A4A0651AA4DC350080002D /* ic_list_black_48dp@2x.png */,
				66A4A0661AA4DC350080002D /* ic_list_black_48dp@3x.png */,
				66A4A0671AA4DC350080002D /* ic_poll_black_48dp.png */,
				66A4A0681AA4DC350080002D /* ic_poll_black_48dp@2x.png */,
				66A4A0691AA4DC350080002D /* ic_poll_black_48dp@3x.png */,
				66A4A06A1AA4DC350080002D /* ic_schedule_black_48dp.png */,
				66A4A06B1AA4DC350080002D /* ic_schedule_black_48dp@2x.png */,
				66A4A06C1AA4DC350080002D /* ic_schedule_black_48dp@3x.png */,
				66A4A06D1AA4DC350080002D /* ic_trending_up_black_48dp.png */,
				66A4A06E1AA4DC350080002D /* ic_trending_up_black_48dp@2x.png */,
				66A4A06F1AA4DC350080002D /* ic_trending_up_black_48dp@3x.png */,
				66A4A0701AA4DC350080002D /* location-marker.png */,
				66A4A0711AA4DC350080002D /* location-marker@2x.png */,
				66A4A0721AA4DC350080002D /* location-marker@3x.png */,
				66A4A0731AA4DC350080002D /* regattas_full.jpg */,
			);
			path = Images;
			sourceTree = "<group>";
		};
		66AB531D19C5104D00F4877A = {
			isa = PBXGroup;
			children = (
				661871FB1ABA1A3500185828 /* FeedbackPopover.xib */,
				66A4A09B1AA4E68A0080002D /* Info.plist */,
				66A4A05D1AA4DC350080002D /* Images */,
				66A49FDF1AA4DB0E0080002D /* Classes */,
				6639D4171A7550370087E5B9 /* Settings.bundle */,
				6639D4101A75438B0087E5B9 /* MessageUI.framework */,
				66C793C819DE162A007AC4BC /* CoreLocation.framework */,
				66AB532719C5104D00F4877A /* Products */,
				90DF9AA6026ECA0EF653FD19 /* Pods */,
				BAF6A0A7CA0796E4716E503B /* Frameworks */,
			);
			sourceTree = "<group>";
		};
		66AB532719C5104D00F4877A /* Products */ = {
			isa = PBXGroup;
			children = (
				66AB532619C5104D00F4877A /* DiningBuddy.app */,
				66AB534219C5104D00F4877A /* DiningBuddyTests.xctest */,
			);
			name = Products;
			sourceTree = "<group>";
		};
		90DF9AA6026ECA0EF653FD19 /* Pods */ = {
			isa = PBXGroup;
			children = (
				1E21FF89B20747CBFF35A990 /* Pods.debug.xcconfig */,
				8079B7616C6BB681EEA7F6E1 /* Pods.release.xcconfig */,
				A90CB3865C9BD06EF860F560 /* Pods-DiningBuddy.debug.xcconfig */,
				887D3D840A96B21CD3FDDA2C /* Pods-DiningBuddy.release.xcconfig */,
			);
			name = Pods;
			sourceTree = "<group>";
		};
		BAF6A0A7CA0796E4716E503B /* Frameworks */ = {
			isa = PBXGroup;
			children = (
				BD89D52138F440E044EF2831 /* libPods.a */,
				6E1E584D4A7E8ECEB6556E1E /* libPods-DiningBuddy.a */,
			);
			name = Frameworks;
			sourceTree = "<group>";
		};
/* End PBXGroup section */

/* Begin PBXNativeTarget section */
		66AB532519C5104D00F4877A /* DiningBuddy */ = {
			isa = PBXNativeTarget;
			buildConfigurationList = 66AB534C19C5104D00F4877A /* Build configuration list for PBXNativeTarget "DiningBuddy" */;
			buildPhases = (
				4EBF8FFCAAC55E52AF2A6BE8 /* [CP] Check Pods Manifest.lock */,
				66AB532219C5104D00F4877A /* Sources */,
				66AB532319C5104D00F4877A /* Frameworks */,
				66AB532419C5104D00F4877A /* Resources */,
				194F3DF3257998A13BD8B3F4 /* [CP] Copy Pods Resources */,
				C92983A788BB2A9330DAB513 /* [CP] Embed Pods Frameworks */,
			);
			buildRules = (
			);
			dependencies = (
			);
			name = DiningBuddy;
			productName = CNU;
			productReference = 66AB532619C5104D00F4877A /* DiningBuddy.app */;
			productType = "com.apple.product-type.application";
		};
		66AB534119C5104D00F4877A /* DiningBuddyTests */ = {
			isa = PBXNativeTarget;
			buildConfigurationList = 66AB534F19C5104D00F4877A /* Build configuration list for PBXNativeTarget "DiningBuddyTests" */;
			buildPhases = (
				66AB533E19C5104D00F4877A /* Sources */,
				66AB533F19C5104D00F4877A /* Frameworks */,
				66AB534019C5104D00F4877A /* Resources */,
			);
			buildRules = (
			);
			dependencies = (
				66AB534419C5104D00F4877A /* PBXTargetDependency */,
			);
			name = DiningBuddyTests;
			productName = CNUTests;
			productReference = 66AB534219C5104D00F4877A /* DiningBuddyTests.xctest */;
			productType = "com.apple.product-type.bundle.unit-test";
		};
/* End PBXNativeTarget section */

/* Begin PBXProject section */
		66AB531E19C5104D00F4877A /* Project object */ = {
			isa = PBXProject;
			attributes = {
				LastUpgradeCheck = 0620;
				ORGANIZATIONNAME = "Adam Fendley";
				TargetAttributes = {
					66AB532519C5104D00F4877A = {
						CreatedOnToolsVersion = 6.0;
						DevelopmentTeam = Z2QL6X8GU7;
						SystemCapabilities = {
							com.apple.BackgroundModes = {
								enabled = 1;
							};
						};
					};
					66AB534119C5104D00F4877A = {
						CreatedOnToolsVersion = 6.0;
						TestTargetID = 66AB532519C5104D00F4877A;
					};
				};
			};
			buildConfigurationList = 66AB532119C5104D00F4877A /* Build configuration list for PBXProject "DiningBuddy" */;
			compatibilityVersion = "Xcode 3.2";
			developmentRegion = English;
			hasScannedForEncodings = 0;
			knownRegions = (
				en,
				Base,
				de,
				el,
				es,
				fr,
				it,
				ja,
				nl,
				"pt-PT",
				pt,
				ru,
				sv,
				th,
				tr,
			);
			mainGroup = 66AB531D19C5104D00F4877A;
			productRefGroup = 66AB532719C5104D00F4877A /* Products */;
			projectDirPath = "";
			projectRoot = "";
			targets = (
				66AB532519C5104D00F4877A /* DiningBuddy */,
				66AB534119C5104D00F4877A /* DiningBuddyTests */,
			);
		};
/* End PBXProject section */

/* Begin PBXResourcesBuildPhase section */
		66AB532419C5104D00F4877A /* Resources */ = {
			isa = PBXResourcesBuildPhase;
			buildActionMask = 2147483647;
			files = (
				66A4A0841AA4DC350080002D /* ic_trending_up_black_48dp@2x.png in Resources */,
				66A4A0181AA4DB0F0080002D /* Main.storyboard in Resources */,
				66A4A0751AA4DC350080002D /* einsteins_full.jpg in Resources */,
				66A4A0741AA4DC350080002D /* commons_full.jpg in Resources */,
				66A4A0891AA4DC350080002D /* regattas_full.jpg in Resources */,
				66A4A07E1AA4DC350080002D /* ic_poll_black_48dp@2x.png in Resources */,
				6618866D1B5E0C4E00CC65B7 /* einsteins.jpg in Resources */,
				661871FC1ABA1A3500185828 /* FeedbackPopover.xib in Resources */,
				66A4A0831AA4DC350080002D /* ic_trending_up_black_48dp.png in Resources */,
				66A4A0781AA4DC350080002D /* ic_comment_black_48dp@3x.png in Resources */,
				66A4A07F1AA4DC350080002D /* ic_poll_black_48dp@3x.png in Resources */,
				66A4A0881AA4DC350080002D /* location-marker@3x.png in Resources */,
				66A4A0871AA4DC350080002D /* location-marker@2x.png in Resources */,
				66A4A0211AA4DB0F0080002D /* Images.xcassets in Resources */,
				66A4A0171AA4DB0F0080002D /* LaunchScreen.xib in Resources */,
				66A4A0811AA4DC350080002D /* ic_schedule_black_48dp@2x.png in Resources */,
				66A4A07D1AA4DC350080002D /* ic_poll_black_48dp.png in Resources */,
				66A4A0771AA4DC350080002D /* ic_comment_black_48dp@2x.png in Resources */,
				6618866E1B5E0C4E00CC65B7 /* regattas.jpg in Resources */,
				66A4A0801AA4DC350080002D /* ic_schedule_black_48dp.png in Resources */,
				66A4A07A1AA4DC350080002D /* ic_list_black_48dp.png in Resources */,
				66A4A07B1AA4DC350080002D /* ic_list_black_48dp@2x.png in Resources */,
				66A4A07C1AA4DC350080002D /* ic_list_black_48dp@3x.png in Resources */,
				66A4A0761AA4DC350080002D /* ic_comment_black_48dp.png in Resources */,
				66A4A0791AA4DC350080002D /* ic_launch.png in Resources */,
				66A4A0851AA4DC350080002D /* ic_trending_up_black_48dp@3x.png in Resources */,
				66A4A0821AA4DC350080002D /* ic_schedule_black_48dp@3x.png in Resources */,
				66A4A0861AA4DC350080002D /* location-marker.png in Resources */,
				6639D4181A7550370087E5B9 /* Settings.bundle in Resources */,
			);
			runOnlyForDeploymentPostprocessing = 0;
		};
		66AB534019C5104D00F4877A /* Resources */ = {
			isa = PBXResourcesBuildPhase;
			buildActionMask = 2147483647;
			files = (
			);
			runOnlyForDeploymentPostprocessing = 0;
		};
/* End PBXResourcesBuildPhase section */

/* Begin PBXShellScriptBuildPhase section */
		194F3DF3257998A13BD8B3F4 /* [CP] Copy Pods Resources */ = {
			isa = PBXShellScriptBuildPhase;
			buildActionMask = 2147483647;
			files = (
			);
			inputPaths = (
				"${SRCROOT}/Pods/Target Support Files/Pods-DiningBuddy/Pods-DiningBuddy-resources.sh",
				"${PODS_ROOT}/IQKeyboardManager/IQKeyboardManager/Resources/IQKeyboardManager.bundle",
				$PODS_CONFIGURATION_BUILD_DIR/InAppSettingsKit/InAppSettingsKit.bundle,
			);
			name = "[CP] Copy Pods Resources";
			outputPaths = (
				"${TARGET_BUILD_DIR}/${UNLOCALIZED_RESOURCES_FOLDER_PATH}",
			);
			runOnlyForDeploymentPostprocessing = 0;
			shellPath = /bin/sh;
			shellScript = "\"${SRCROOT}/Pods/Target Support Files/Pods-DiningBuddy/Pods-DiningBuddy-resources.sh\"\n";
			showEnvVarsInLog = 0;
		};
		4EBF8FFCAAC55E52AF2A6BE8 /* [CP] Check Pods Manifest.lock */ = {
			isa = PBXShellScriptBuildPhase;
			buildActionMask = 2147483647;
			files = (
			);
			inputPaths = (
				"${PODS_PODFILE_DIR_PATH}/Podfile.lock",
				"${PODS_ROOT}/Manifest.lock",
			);
			name = "[CP] Check Pods Manifest.lock";
			outputPaths = (
				"$(DERIVED_FILE_DIR)/Pods-DiningBuddy-checkManifestLockResult.txt",
			);
			runOnlyForDeploymentPostprocessing = 0;
			shellPath = /bin/sh;
			shellScript = "diff \"${PODS_PODFILE_DIR_PATH}/Podfile.lock\" \"${PODS_ROOT}/Manifest.lock\" > /dev/null\nif [ $? != 0 ] ; then\n    # print error to STDERR\n    echo \"error: The sandbox is not in sync with the Podfile.lock. Run 'pod install' or update your CocoaPods installation.\" >&2\n    exit 1\nfi\n# This output is used by Xcode 'outputs' to avoid re-running this script phase.\necho \"SUCCESS\" > \"${SCRIPT_OUTPUT_FILE_0}\"\n";
			showEnvVarsInLog = 0;
		};
		C92983A788BB2A9330DAB513 /* [CP] Embed Pods Frameworks */ = {
			isa = PBXShellScriptBuildPhase;
			buildActionMask = 2147483647;
			files = (
			);
			inputPaths = (
			);
			name = "[CP] Embed Pods Frameworks";
			outputPaths = (
			);
			runOnlyForDeploymentPostprocessing = 0;
			shellPath = /bin/sh;
			shellScript = "\"${SRCROOT}/Pods/Target Support Files/Pods-DiningBuddy/Pods-DiningBuddy-frameworks.sh\"\n";
			showEnvVarsInLog = 0;
		};
/* End PBXShellScriptBuildPhase section */

/* Begin PBXSourcesBuildPhase section */
		66AB532219C5104D00F4877A /* Sources */ = {
			isa = PBXSourcesBuildPhase;
			buildActionMask = 2147483647;
			files = (
				66A4A0A81AA4EC610080002D /* UpdateItem.m in Sources */,
				66A4A0231AA4DB0F0080002D /* main.m in Sources */,
				66A4A0201AA4DB0F0080002D /* ViewController.m in Sources */,
				661871F71ABA0DFD00185828 /* CombinedFeedViewController.m in Sources */,
				66A4A0241AA4DB0F0080002D /* AlertItem.m in Sources */,
				66A4A02C1AA4DB0F0080002D /* BackendService.m in Sources */,
				66A4A02E1AA4DB0F0080002D /* Locator.m in Sources */,
				66A4A0191AA4DB0F0080002D /* BannerViewController.m in Sources */,
				66A4A02D1AA4DB0F0080002D /* LocationService.m in Sources */,
				661871FA1ABA117700185828 /* FeedBoxViewController.m in Sources */,
				66A4A01F1AA4DB0F0080002D /* TabsController.m in Sources */,
				66A4A01D1AA4DB0F0080002D /* LocationViewController.m in Sources */,
				66A4A0A51AA4EB880080002D /* LocationItem.m in Sources */,
				66A4A0161AA4DB0F0080002D /* AppDelegate.m in Sources */,
				66A4A01B1AA4DB0F0080002D /* FeedViewController.m in Sources */,
				66A4A01E1AA4DB0F0080002D /* MenuViewController.m in Sources */,
				66A4A0291AA4DB0F0080002D /* MenuItem.m in Sources */,
				66A4A01C1AA4DB0F0080002D /* GraphViewController.m in Sources */,
				66A4A0AB1AA4EC6B0080002D /* FeedbackItem.m in Sources */,
				66A4A01A1AA4DB0F0080002D /* FeedbackViewController.m in Sources */,
				66A4A0281AA4DB0F0080002D /* InfoItem.m in Sources */,
				66A4A0251AA4DB0F0080002D /* CoordinatePair.m in Sources */,
				66A4A09F1AA4E9B60080002D /* API.m in Sources */,
				66A4A02B1AA4DB0F0080002D /* Reachability.m in Sources */,
				66A4A02F1AA4DB0F0080002D /* SettingsService.m in Sources */,
				6637AB131AA4F3FB00156AD8 /* LocationCollection.m in Sources */,
				66A4A0271AA4DB0F0080002D /* FeedItem.m in Sources */,
			);
			runOnlyForDeploymentPostprocessing = 0;
		};
		66AB533E19C5104D00F4877A /* Sources */ = {
			isa = PBXSourcesBuildPhase;
			buildActionMask = 2147483647;
			files = (
			);
			runOnlyForDeploymentPostprocessing = 0;
		};
/* End PBXSourcesBuildPhase section */

/* Begin PBXTargetDependency section */
		66AB534419C5104D00F4877A /* PBXTargetDependency */ = {
			isa = PBXTargetDependency;
			target = 66AB532519C5104D00F4877A /* DiningBuddy */;
			targetProxy = 66AB534319C5104D00F4877A /* PBXContainerItemProxy */;
		};
/* End PBXTargetDependency section */

/* Begin PBXVariantGroup section */
		66A49FE31AA4DB0E0080002D /* LaunchScreen.xib */ = {
			isa = PBXVariantGroup;
			children = (
				66A49FE41AA4DB0E0080002D /* Base */,
			);
			name = LaunchScreen.xib;
			sourceTree = "<group>";
		};
		66A49FE51AA4DB0E0080002D /* Main.storyboard */ = {
			isa = PBXVariantGroup;
			children = (
				66A49FE61AA4DB0E0080002D /* Base */,
			);
			name = Main.storyboard;
			sourceTree = "<group>";
		};
/* End PBXVariantGroup section */

/* Begin XCBuildConfiguration section */
		66AB534A19C5104D00F4877A /* Debug */ = {
			isa = XCBuildConfiguration;
			buildSettings = {
				ALWAYS_SEARCH_USER_PATHS = NO;
				CLANG_CXX_LANGUAGE_STANDARD = "gnu++0x";
				CLANG_CXX_LIBRARY = "libc++";
				CLANG_ENABLE_MODULES = YES;
				CLANG_ENABLE_OBJC_ARC = YES;
				CLANG_WARN_BOOL_CONVERSION = YES;
				CLANG_WARN_CONSTANT_CONVERSION = YES;
				CLANG_WARN_DIRECT_OBJC_ISA_USAGE = YES_ERROR;
				CLANG_WARN_EMPTY_BODY = YES;
				CLANG_WARN_ENUM_CONVERSION = YES;
				CLANG_WARN_INT_CONVERSION = YES;
				CLANG_WARN_OBJC_ROOT_CLASS = YES_ERROR;
				CLANG_WARN_UNREACHABLE_CODE = YES;
				CLANG_WARN__DUPLICATE_METHOD_MATCH = YES;
				"CODE_SIGN_IDENTITY[sdk=iphoneos*]" = "iPhone Developer";
				COPY_PHASE_STRIP = NO;
				ENABLE_STRICT_OBJC_MSGSEND = YES;
				GCC_C_LANGUAGE_STANDARD = gnu99;
				GCC_DYNAMIC_NO_PIC = NO;
				GCC_OPTIMIZATION_LEVEL = 0;
				GCC_PREPROCESSOR_DEFINITIONS = (
					"DEBUG=1",
					"$(inherited)",
				);
				GCC_SYMBOLS_PRIVATE_EXTERN = NO;
				GCC_WARN_64_TO_32_BIT_CONVERSION = YES;
				GCC_WARN_ABOUT_RETURN_TYPE = YES_ERROR;
				GCC_WARN_UNDECLARED_SELECTOR = YES;
				GCC_WARN_UNINITIALIZED_AUTOS = YES_AGGRESSIVE;
				GCC_WARN_UNUSED_FUNCTION = YES;
				GCC_WARN_UNUSED_VARIABLE = YES;
				IPHONEOS_DEPLOYMENT_TARGET = 8.0;
				MTL_ENABLE_DEBUG_INFO = YES;
				ONLY_ACTIVE_ARCH = YES;
				SDKROOT = iphoneos;
				TARGETED_DEVICE_FAMILY = "1,2";
			};
			name = Debug;
		};
		66AB534B19C5104D00F4877A /* Release */ = {
			isa = XCBuildConfiguration;
			buildSettings = {
				ALWAYS_SEARCH_USER_PATHS = NO;
				CLANG_CXX_LANGUAGE_STANDARD = "gnu++0x";
				CLANG_CXX_LIBRARY = "libc++";
				CLANG_ENABLE_MODULES = YES;
				CLANG_ENABLE_OBJC_ARC = YES;
				CLANG_WARN_BOOL_CONVERSION = YES;
				CLANG_WARN_CONSTANT_CONVERSION = YES;
				CLANG_WARN_DIRECT_OBJC_ISA_USAGE = YES_ERROR;
				CLANG_WARN_EMPTY_BODY = YES;
				CLANG_WARN_ENUM_CONVERSION = YES;
				CLANG_WARN_INT_CONVERSION = YES;
				CLANG_WARN_OBJC_ROOT_CLASS = YES_ERROR;
				CLANG_WARN_UNREACHABLE_CODE = YES;
				CLANG_WARN__DUPLICATE_METHOD_MATCH = YES;
				"CODE_SIGN_IDENTITY[sdk=iphoneos*]" = "iPhone Developer";
				COPY_PHASE_STRIP = YES;
				ENABLE_NS_ASSERTIONS = NO;
				ENABLE_STRICT_OBJC_MSGSEND = YES;
				GCC_C_LANGUAGE_STANDARD = gnu99;
				GCC_WARN_64_TO_32_BIT_CONVERSION = YES;
				GCC_WARN_ABOUT_RETURN_TYPE = YES_ERROR;
				GCC_WARN_UNDECLARED_SELECTOR = YES;
				GCC_WARN_UNINITIALIZED_AUTOS = YES_AGGRESSIVE;
				GCC_WARN_UNUSED_FUNCTION = YES;
				GCC_WARN_UNUSED_VARIABLE = YES;
				IPHONEOS_DEPLOYMENT_TARGET = 8.0;
				MTL_ENABLE_DEBUG_INFO = NO;
				SDKROOT = iphoneos;
				TARGETED_DEVICE_FAMILY = "1,2";
				VALIDATE_PRODUCT = YES;
			};
			name = Release;
		};
		66AB534D19C5104D00F4877A /* Debug */ = {
			isa = XCBuildConfiguration;
			baseConfigurationReference = A90CB3865C9BD06EF860F560 /* Pods-DiningBuddy.debug.xcconfig */;
			buildSettings = {
				ASSETCATALOG_COMPILER_APPICON_NAME = AppIcon;
				CLANG_ENABLE_MODULES = YES;
				CODE_SIGN_IDENTITY = "iPhone Developer";
				"CODE_SIGN_IDENTITY[sdk=iphoneos*]" = "iPhone Developer";
				DEVELOPMENT_TEAM = Z2QL6X8GU7;
				INFOPLIST_FILE = Info.plist;
				IPHONEOS_DEPLOYMENT_TARGET = 10.0;
				LD_RUNPATH_SEARCH_PATHS = "$(inherited) @executable_path/Frameworks";
				OTHER_LDFLAGS = "$(inherited)";
				PRODUCT_NAME = DiningBuddy;
				PROVISIONING_PROFILE = "";
				SWIFT_OBJC_BRIDGING_HEADER = "CNU/CNU-Bridging-Header.h";
				SWIFT_OPTIMIZATION_LEVEL = "-Onone";
			};
			name = Debug;
		};
		66AB534E19C5104D00F4877A /* Release */ = {
			isa = XCBuildConfiguration;
			baseConfigurationReference = 887D3D840A96B21CD3FDDA2C /* Pods-DiningBuddy.release.xcconfig */;
			buildSettings = {
				ASSETCATALOG_COMPILER_APPICON_NAME = AppIcon;
				CLANG_ENABLE_MODULES = YES;
				CODE_SIGN_IDENTITY = "iPhone Developer";
				"CODE_SIGN_IDENTITY[sdk=iphoneos*]" = "iPhone Developer";
				DEVELOPMENT_TEAM = Z2QL6X8GU7;
				INFOPLIST_FILE = Info.plist;
				IPHONEOS_DEPLOYMENT_TARGET = 10.0;
				LD_RUNPATH_SEARCH_PATHS = "$(inherited) @executable_path/Frameworks";
				OTHER_LDFLAGS = "$(inherited)";
				PRODUCT_NAME = DiningBuddy;
				PROVISIONING_PROFILE = "";
				SWIFT_OBJC_BRIDGING_HEADER = "CNU/CNU-Bridging-Header.h";
			};
			name = Release;
		};
		66AB535019C5104D00F4877A /* Debug */ = {
			isa = XCBuildConfiguration;
			buildSettings = {
				BUNDLE_LOADER = "$(TEST_HOST)";
				FRAMEWORK_SEARCH_PATHS = (
					"$(SDKROOT)/Developer/Library/Frameworks",
					"$(inherited)",
				);
				GCC_PREPROCESSOR_DEFINITIONS = (
					"DEBUG=1",
					"$(inherited)",
				);
				INFOPLIST_FILE = CNUTests/Info.plist;
				LD_RUNPATH_SEARCH_PATHS = "$(inherited) @executable_path/Frameworks @loader_path/Frameworks";
				PRODUCT_NAME = DiningBuddyTests;
				TEST_HOST = "$(BUILT_PRODUCTS_DIR)/CNU.app/CNU";
			};
			name = Debug;
		};
		66AB535119C5104D00F4877A /* Release */ = {
			isa = XCBuildConfiguration;
			buildSettings = {
				BUNDLE_LOADER = "$(TEST_HOST)";
				FRAMEWORK_SEARCH_PATHS = (
					"$(SDKROOT)/Developer/Library/Frameworks",
					"$(inherited)",
				);
				INFOPLIST_FILE = CNUTests/Info.plist;
				LD_RUNPATH_SEARCH_PATHS = "$(inherited) @executable_path/Frameworks @loader_path/Frameworks";
				PRODUCT_NAME = DiningBuddyTests;
				TEST_HOST = "$(BUILT_PRODUCTS_DIR)/CNU.app/CNU";
			};
			name = Release;
		};
/* End XCBuildConfiguration section */

/* Begin XCConfigurationList section */
		66AB532119C5104D00F4877A /* Build configuration list for PBXProject "DiningBuddy" */ = {
			isa = XCConfigurationList;
			buildConfigurations = (
				66AB534A19C5104D00F4877A /* Debug */,
				66AB534B19C5104D00F4877A /* Release */,
			);
			defaultConfigurationIsVisible = 0;
			defaultConfigurationName = Release;
		};
		66AB534C19C5104D00F4877A /* Build configuration list for PBXNativeTarget "DiningBuddy" */ = {
			isa = XCConfigurationList;
			buildConfigurations = (
				66AB534D19C5104D00F4877A /* Debug */,
				66AB534E19C5104D00F4877A /* Release */,
			);
			defaultConfigurationIsVisible = 0;
			defaultConfigurationName = Release;
		};
		66AB534F19C5104D00F4877A /* Build configuration list for PBXNativeTarget "DiningBuddyTests" */ = {
			isa = XCConfigurationList;
			buildConfigurations = (
				66AB535019C5104D00F4877A /* Debug */,
				66AB535119C5104D00F4877A /* Release */,
			);
			defaultConfigurationIsVisible = 0;
			defaultConfigurationName = Release;
		};
/* End XCConfigurationList section */
	};
	rootObject = 66AB531E19C5104D00F4877A /* Project object */;
}
